
Microsoft Visual Studio Solution File, Format Version 12.00
# Visual Studio Version 17
VisualStudioVersion = 17.3.32901.215
MinimumVisualStudioVersion = 10.0.40219.1
Project("{9A19103F-16F7-4668-BE54-9A1E7A4F7556}") = "Galeria_de_Artes", "Galeria_de_Artes\Galeria_de_Artes.csproj", "{9F6C9607-4776-4CD1-8B10-23B5788D78A6}"
EndProject
Project("{7CF6DF6D-3B04-46F8-A40B-537D21BCA0B4}") = "Documentacion", "Documentacion\Documentacion.shfbproj", "{7C6D5511-F517-4CAA-90D0-C8E6BD54FF0B}"
EndProject
Project("{54435603-DBB4-11D2-8724-00A0C9A8B90C}") = "Setup", "Setup\Setup.vdproj", "{EF811A70-7358-4E8F-81F3-8D8C0A2ADF6D}"
EndProject
Global
	GlobalSection(SolutionConfigurationPlatforms) = preSolution
		Debug|Any CPU = Debug|Any CPU
		Release|Any CPU = Release|Any CPU
	EndGlobalSection
	GlobalSection(ProjectConfigurationPlatforms) = postSolution
		{9F6C9607-4776-4CD1-8B10-23B5788D78A6}.Debug|Any CPU.ActiveCfg = Debug|Any CPU
		{9F6C9607-4776-4CD1-8B10-23B5788D78A6}.Debug|Any CPU.Build.0 = Debug|Any CPU
		{9F6C9607-4776-4CD1-8B10-23B5788D78A6}.Release|Any CPU.ActiveCfg = Release|Any CPU
		{9F6C9607-4776-4CD1-8B10-23B5788D78A6}.Release|Any CPU.Build.0 = Release|Any CPU
		{7C6D5511-F517-4CAA-90D0-C8E6BD54FF0B}.Debug|Any CPU.ActiveCfg = Debug|Any CPU
		{7C6D5511-F517-4CAA-90D0-C8E6BD54FF0B}.Debug|Any CPU.Build.0 = Debug|Any CPU
		{7C6D5511-F517-4CAA-90D0-C8E6BD54FF0B}.Release|Any CPU.ActiveCfg = Release|Any CPU
		{7C6D5511-F517-4CAA-90D0-C8E6BD54FF0B}.Release|Any CPU.Build.0 = Release|Any CPU
		{EF811A70-7358-4E8F-81F3-8D8C0A2ADF6D}.Debug|Any CPU.ActiveCfg = Debug
		{EF811A70-7358-4E8F-81F3-8D8C0A2ADF6D}.Release|Any CPU.ActiveCfg = Release
	EndGlobalSection
	GlobalSection(SolutionProperties) = preSolution
		HideSolutionNode = FALSE
	EndGlobalSection
	GlobalSection(ExtensibilityGlobals) = postSolution
		SolutionGuid = {10BEE492-E560-4C73-9C97-16B588DE3617}
	EndGlobalSection
EndGlobal
